PODS:
  - TXLiteAVSDK_TRTC (11.1.14143):
    - TXLiteAVSDK_TRTC/TRTC (= 11.1.14143)
  - TXLiteAVSDK_TRTC/ReplayKitExt (11.1.14143)
  - TXLiteAVSDK_TRTC/TRTC (11.1.14143)

DEPENDENCIES:
  - TXLiteAVSDK_TRTC
  - TXLiteAVSDK_TRTC/ReplayKitExt

SPEC REPOS:
  trunk:
    - TXLiteAVSDK_TRTC

SPEC CHECKSUMS:
  TXLiteAVSDK_TRTC: 15b46120bfb5227c4f07a03d7b73b2530a4034bf

PODFILE CHECKSUM: d119721017e2234ff86499d221e4187688f6dd77

COCOAPODS: 1.12.1
